<Solution>
  <Configurations>
    <Platform Name="x64" />
    <Platform Name="x86" />
  </Configurations>
  <Project Path="EngineCore/EngineCore.vcxproj" Id="494516eb-db3f-4b40-ae1b-22949e65490b" />
  <Project Path="Reflective/Reflective/Reflective.vcxproj" Id="c632d8d7-44b4-4edf-b3a8-76dfb6cd0b80" />
</Solution>
