<?xml version="1.0" encoding="utf-8"?>
<Project ToolsVersion="4.0" xmlns="http://schemas.microsoft.com/developer/msbuild/2003">
  <ItemGroup>
    <Filter Include="Fichiers sources">
      <UniqueIdentifier>{4FC737F1-C7A5-4376-A066-2A32D752A2FF}</UniqueIdentifier>
      <Extensions>cpp;c;cc;cxx;c++;cppm;ixx;def;odl;idl;hpj;bat;asm;asmx</Extensions>
    </Filter>
    <Filter Include="Fichiers d%27en-tête">
      <UniqueIdentifier>{93995380-89BD-4b04-88EB-625FBE52EBFB}</UniqueIdentifier>
      <Extensions>h;hh;hpp;hxx;h++;hm;inl;inc;ipp;xsd</Extensions>
    </Filter>
    <Filter Include="Fichiers de ressources">
      <UniqueIdentifier>{67DA6AB6-F800-4c08-8B7A-83BB121AAD01}</UniqueIdentifier>
      <Extensions>rc;ico;cur;bmp;dlg;rc2;rct;bin;rgs;gif;jpg;jpeg;jpe;resx;tiff;tif;png;wav;mfcribbon-ms</Extensions>
    </Filter>
    <Filter Include="Fichiers sources\capabilities">
      <UniqueIdentifier>{5149d8a2-73bf-41ca-bcfe-ed3963f089e3}</UniqueIdentifier>
    </Filter>
    <Filter Include="Fichiers d%27en-tête\capabilities">
      <UniqueIdentifier>{d2b8e8e8-a5fc-4c83-878b-ebe5b8d45660}</UniqueIdentifier>
    </Filter>
    <Filter Include="Fichiers d%27en-tête\vkEnumVSstring">
      <UniqueIdentifier>{1e285699-30d9-4f42-bc70-185e6abdea79}</UniqueIdentifier>
    </Filter>
    <Filter Include="Fichiers d%27en-tête\Context">
      <UniqueIdentifier>{bf42740c-0409-42bb-9eed-45d09d45ccad}</UniqueIdentifier>
    </Filter>
    <Filter Include="Fichiers d%27en-tête\initializers">
      <UniqueIdentifier>{ea7d5a45-7e22-425d-8d29-830d0599b76b}</UniqueIdentifier>
    </Filter>
    <Filter Include="Fichiers d%27en-tête\worker">
      <UniqueIdentifier>{1b93335c-2836-4293-9560-a7ec716c6e9a}</UniqueIdentifier>
    </Filter>
    <Filter Include="Fichiers d%27en-tête\Engine classes">
      <UniqueIdentifier>{aa0a5c84-1992-4da7-9193-619b51d32e67}</UniqueIdentifier>
    </Filter>
    <Filter Include="Fichiers sources\Engine classes">
      <UniqueIdentifier>{b12517ee-4fec-4adb-a154-bd3f02a15219}</UniqueIdentifier>
    </Filter>
    <Filter Include="Fichiers d%27en-tête\exception">
      <UniqueIdentifier>{5e697ef9-0a67-441d-87a7-ce2fdb727ea4}</UniqueIdentifier>
    </Filter>
    <Filter Include="Fichiers d%27en-tête\Managers">
      <UniqueIdentifier>{109d1947-7ae8-4fd1-8a87-c10625f13835}</UniqueIdentifier>
    </Filter>
    <Filter Include="Fichiers sources\Managers">
      <UniqueIdentifier>{b11dcd68-37ed-433a-beaa-ed174c2a239a}</UniqueIdentifier>
    </Filter>
    <Filter Include="Fichiers sources\exception">
      <UniqueIdentifier>{7caa437a-739f-45a2-9c4f-a8e654cb1de1}</UniqueIdentifier>
    </Filter>
    <Filter Include="Fichiers d%27en-tête\memory">
      <UniqueIdentifier>{ef0f5d1f-651b-4e58-b26d-554382966110}</UniqueIdentifier>
    </Filter>
    <Filter Include="Fichiers sources\memory">
      <UniqueIdentifier>{cdbe1af5-4411-4cdb-84f4-f83458c927b3}</UniqueIdentifier>
    </Filter>
    <Filter Include="Fichiers d%27en-tête\parameters">
      <UniqueIdentifier>{0342ad0b-be8c-4cd0-af3d-26d06d853c32}</UniqueIdentifier>
    </Filter>
    <Filter Include="Fichiers sources\parameters">
      <UniqueIdentifier>{c1ba0fe2-7e88-40d1-9737-a1cf1a11d761}</UniqueIdentifier>
    </Filter>
  </ItemGroup>
  <ItemGroup>
    <ClInclude Include="framework.h">
      <Filter>Fichiers d%27en-tête</Filter>
    </ClInclude>
    <ClInclude Include="pch.h">
      <Filter>Fichiers d%27en-tête</Filter>
    </ClInclude>
    <ClInclude Include="enginecore_globals.h">
      <Filter>Fichiers d%27en-tête</Filter>
    </ClInclude>
    <ClInclude Include="CapabilitiesVisitor.h">
      <Filter>Fichiers d%27en-tête\capabilities</Filter>
    </ClInclude>
    <ClInclude Include="VulkanCapabilities.h">
      <Filter>Fichiers d%27en-tête\capabilities</Filter>
    </ClInclude>
    <ClInclude Include="StringToVkEnum.h">
      <Filter>Fichiers d%27en-tête\vkEnumVSstring</Filter>
    </ClInclude>
    <ClInclude Include="VkEnumToString.h">
      <Filter>Fichiers d%27en-tête\vkEnumVSstring</Filter>
    </ClInclude>
    <ClInclude Include="Transformation.h">
      <Filter>Fichiers d%27en-tête</Filter>
    </ClInclude>
    <ClInclude Include="VulkanInitializers.h">
      <Filter>Fichiers d%27en-tête\initializers</Filter>
    </ClInclude>
    <ClInclude Include="VulkanShaderInitializers.h">
      <Filter>Fichiers d%27en-tête\initializers</Filter>
    </ClInclude>
    <ClInclude Include="ScopedLink.h">
      <Filter>Fichiers d%27en-tête\worker</Filter>
    </ClInclude>
    <ClInclude Include="EngineParallelWorker.h">
      <Filter>Fichiers d%27en-tête\worker</Filter>
    </ClInclude>
    <ClInclude Include="DeviceContext.h">
      <Filter>Fichiers d%27en-tête\Context</Filter>
    </ClInclude>
    <ClInclude Include="EngineApplication.h">
      <Filter>Fichiers d%27en-tête\Engine classes</Filter>
    </ClInclude>
    <ClInclude Include="EngineDevice.h">
      <Filter>Fichiers d%27en-tête\Engine classes</Filter>
    </ClInclude>
    <ClInclude Include="QueuesManager.h">
      <Filter>Fichiers d%27en-tête\Managers</Filter>
    </ClInclude>
    <ClInclude Include="EngineRenderer.h">
      <Filter>Fichiers d%27en-tête</Filter>
    </ClInclude>
    <ClInclude Include="EngineSwapChain.h">
      <Filter>Fichiers d%27en-tête\Engine classes</Filter>
    </ClInclude>
    <ClInclude Include="EngineExceptions.h">
      <Filter>Fichiers d%27en-tête\exception</Filter>
    </ClInclude>
    <ClInclude Include="EngineLog.h">
      <Filter>Fichiers d%27en-tête</Filter>
    </ClInclude>
    <ClInclude Include="VulkanBufferInitializers.h">
      <Filter>Fichiers d%27en-tête\initializers</Filter>
    </ClInclude>
    <ClInclude Include="vmaMemoryCallbacks.h">
      <Filter>Fichiers d%27en-tête\memory</Filter>
    </ClInclude>
    <ClInclude Include="vmaMemoryAllocator.cpp">
      <Filter>Fichiers sources\memory</Filter>
    </ClInclude>
    <ClInclude Include="vmaMemoryAllocator.h">
      <Filter>Fichiers d%27en-tête\memory</Filter>
    </ClInclude>
    <ClInclude Include="EngineParameters.h">
      <Filter>Fichiers d%27en-tête\parameters</Filter>
    </ClInclude>
    <ClInclude Include="CheckParameters.h">
      <Filter>Fichiers d%27en-tête\parameters</Filter>
    </ClInclude>
  </ItemGroup>
  <ItemGroup>
    <ClCompile Include="dllmain.cpp">
      <Filter>Fichiers sources</Filter>
    </ClCompile>
    <ClCompile Include="pch.cpp">
      <Filter>Fichiers sources</Filter>
    </ClCompile>
    <ClCompile Include="CapabilitiesVisitor.cpp">
      <Filter>Fichiers sources\capabilities</Filter>
    </ClCompile>
    <ClCompile Include="VulkanCapabilities.cpp">
      <Filter>Fichiers sources\capabilities</Filter>
    </ClCompile>
    <ClCompile Include="EngineApplication.cpp">
      <Filter>Fichiers sources\Engine classes</Filter>
    </ClCompile>
    <ClCompile Include="QueuesManager.cpp">
      <Filter>Fichiers sources\Managers</Filter>
    </ClCompile>
    <ClCompile Include="EngineRenderer.cpp">
      <Filter>Fichiers sources</Filter>
    </ClCompile>
    <ClCompile Include="EngineSwapChain.cpp">
      <Filter>Fichiers sources\Engine classes</Filter>
    </ClCompile>
    <ClCompile Include="EngineExceptions.cpp">
      <Filter>Fichiers sources\exception</Filter>
    </ClCompile>
    <ClCompile Include="EngineLog.cpp">
      <Filter>Fichiers sources</Filter>
    </ClCompile>
    <ClCompile Include="EngineDevice.cpp">
      <Filter>Fichiers sources\Engine classes</Filter>
    </ClCompile>
    <ClCompile Include="vmaMemoryCallbacks.cpp">
      <Filter>Fichiers sources\memory</Filter>
    </ClCompile>
    <ClCompile Include="CheckParameters.cpp">
      <Filter>Fichiers sources\parameters</Filter>
    </ClCompile>
  </ItemGroup>
</Project>